
Microsoft Visual Studio Solution File, Format Version 12.00
# Visual Studio Version 16
VisualStudioVersion = 16.0.29306.81
MinimumVisualStudioVersion = 10.0.40219.1
Project("{FAE04EC0-301F-11D3-BF4B-00C04F79EFBC}") = "GitHub", "GitHub\GitHub.csproj", "{1CD4DC56-5737-4549-ACBB-AF88337DA2C5}"
EndProject
Global
	GlobalSection(SolutionConfigurationPlatforms) = preSolution
		Debug|Any CPU = Debug|Any CPU
		Release|Any CPU = Release|Any CPU
	EndGlobalSection
	GlobalSection(ProjectConfigurationPlatforms) = postSolution
		{1CD4DC56-5737-4549-ACBB-AF88337DA2C5}.Debug|Any CPU.ActiveCfg = Debug|Any CPU
		{1CD4DC56-5737-4549-ACBB-AF88337DA2C5}.Debug|Any CPU.Build.0 = Debug|Any CPU
		{1CD4DC56-5737-4549-ACBB-AF88337DA2C5}.Release|Any CPU.ActiveCfg = Release|Any CPU
		{1CD4DC56-5737-4549-ACBB-AF88337DA2C5}.Release|Any CPU.Build.0 = Release|Any CPU
	EndGlobalSection
	GlobalSection(SolutionProperties) = preSolution
		HideSolutionNode = FALSE
	EndGlobalSection
	GlobalSection(ExtensibilityGlobals) = postSolution
		SolutionGuid = {48034066-0BE6-43FB-AA58-EC01FC9700F3}
	EndGlobalSection
EndGlobal
